
Microsoft Visual Studio Solution File, Format Version 12.00
# Visual Studio Version 16
VisualStudioVersion = 16.0.33927.289
MinimumVisualStudioVersion = 10.0.40219.1
Project("{2150E333-8FDC-42A3-9474-1A3956D46DE8}") = "Task0", "Task0", "{3F724584-35A9-48B6-A919-FDDF9C548BCF}"
EndProject
Project("{FAE04EC0-301F-11D3-BF4B-00C04F79EFBC}") = "Tyuiu.BratsunDA.Sprint3.Task0.V13", "Tyuiu.BratsunDA.Sprint3.Task0.V13\Tyuiu.BratsunDA.Sprint3.Task0.V13.csproj", "{91B7ABC6-5A2E-4759-A6F2-2BB95AF2A037}"
EndProject
Project("{FAE04EC0-301F-11D3-BF4B-00C04F79EFBC}") = "Tyuiu.BratsunDA.Sprint3.Task0.V13.Lib", "Tyuiu.BratsunDA.Sprint3.Task0.V13.Lib\Tyuiu.BratsunDA.Sprint3.Task0.V13.Lib.csproj", "{53AF26A7-4135-445F-8F6D-249138DD1AA9}"
EndProject
Project("{FAE04EC0-301F-11D3-BF4B-00C04F79EFBC}") = "Tyuiu.BratsunDA.Sprint3.Task0.V13.Test", "Tyuiu.BratsunDA.Sprint3.Task0.V13.Test\Tyuiu.BratsunDA.Sprint3.Task0.V13.Test.csproj", "{E1C6CFF0-505C-446E-8119-0CACCE64FAED}"
EndProject
Project("{2150E333-8FDC-42A3-9474-1A3956D46DE8}") = "Task1", "Task1", "{3EAEC120-3719-43E5-9C89-FF9999A9643B}"
EndProject
Project("{FAE04EC0-301F-11D3-BF4B-00C04F79EFBC}") = "Tyuiu.BratsunDA.Sprint3.Task1.V26", "Tyuiu.BratsunDA.Sprint3.Task1.V26\Tyuiu.BratsunDA.Sprint3.Task1.V26.csproj", "{41A6B88D-A0D4-4E5E-8957-B46FF4A05299}"
EndProject
Project("{FAE04EC0-301F-11D3-BF4B-00C04F79EFBC}") = "Tyuiu.BratsunDA.Sprint3.Task1.V26.Lib", "Tyuiu.BratsunDA.Sprint3.Task1.V26.Lib\Tyuiu.BratsunDA.Sprint3.Task1.V26.Lib.csproj", "{A3BC37A9-A004-47A7-A444-53B92A88889F}"
EndProject
Project("{FAE04EC0-301F-11D3-BF4B-00C04F79EFBC}") = "Tyuiu.BratsunDA.Sprint3.Task1.V26.Test", "Tyuiu.BratsunDA.Sprint3.Task1.V26.Test\Tyuiu.BratsunDA.Sprint3.Task1.V26.Test.csproj", "{AFBB77EE-9881-41A7-86D2-FCFBAA411D6E}"
EndProject
Project("{2150E333-8FDC-42A3-9474-1A3956D46DE8}") = "Task2", "Task2", "{6A95020A-7ACE-473C-949D-D4977E9473C9}"
EndProject
Project("{FAE04EC0-301F-11D3-BF4B-00C04F79EFBC}") = "Tyuiu.BratsunDA.Sprint3.Task2.V9", "Tyuiu.BratsunDA.Sprint3.Task2.V9\Tyuiu.BratsunDA.Sprint3.Task2.V9.csproj", "{442042F3-635F-4393-87EE-9CCBCC75B208}"
EndProject
Project("{FAE04EC0-301F-11D3-BF4B-00C04F79EFBC}") = "Tyuiu.BratsunDA.Sprint3.Task2.V9.Lib", "Tyuiu.BratsunDA.Sprint3.Task2.V9.Lib\Tyuiu.BratsunDA.Sprint3.Task2.V9.Lib.csproj", "{396B1218-3349-4FDF-87D0-52931A94E47C}"
EndProject
Project("{FAE04EC0-301F-11D3-BF4B-00C04F79EFBC}") = "Tyuiu.BratsunDA.Sprint3.Task2.V9.Test", "Tyuiu.BratsunDA.Sprint3.Task2.V9.Test\Tyuiu.BratsunDA.Sprint3.Task2.V9.Test.csproj", "{95A4E56B-3D16-4BF7-A3C8-6729128C1858}"
EndProject
Project("{2150E333-8FDC-42A3-9474-1A3956D46DE8}") = "Task3", "Task3", "{F9E3C922-ABE4-4B3D-B2C8-41E0DA0E08F5}"
EndProject
Project("{FAE04EC0-301F-11D3-BF4B-00C04F79EFBC}") = "Tyuiu.BratsunDA.Sprint3.Task3.V10", "Tyuiu.BratsunDA.Sprint3.Task3.V10\Tyuiu.BratsunDA.Sprint3.Task3.V10.csproj", "{02F2C150-BAE5-4F1E-A91E-A79AD2AA0638}"
EndProject
Project("{FAE04EC0-301F-11D3-BF4B-00C04F79EFBC}") = "Tyuiu.BratsunDA.Sprint3.Task3.V10.Lib", "Tyuiu.BratsunDA.Sprint3.Task3.V10.Lib\Tyuiu.BratsunDA.Sprint3.Task3.V10.Lib.csproj", "{27DB8790-6745-46BD-BD83-0F6FB0EBDC54}"
EndProject
Project("{FAE04EC0-301F-11D3-BF4B-00C04F79EFBC}") = "Tyuiu.BratsunDA.Sprint3.Task3.V10.Test", "Tyuiu.BratsunDA.Sprint3.Task3.V10.Test\Tyuiu.BratsunDA.Sprint3.Task3.V10.Test.csproj", "{BB85B1BB-53DF-423E-9BB7-6B14BFA0974B}"
EndProject
Project("{2150E333-8FDC-42A3-9474-1A3956D46DE8}") = "Task4", "Task4", "{BACA5F83-D8BA-435E-A03E-84F9BA40AB39}"
EndProject
Project("{FAE04EC0-301F-11D3-BF4B-00C04F79EFBC}") = "Tyuiu.BratsunDA.Sprint3.Task4.V28", "Tyuiu.BratsunDA.Sprint3.Task4.V28\Tyuiu.BratsunDA.Sprint3.Task4.V28.csproj", "{DDBFF705-7A67-4A1C-88C2-37EA22334ADB}"
EndProject
Project("{FAE04EC0-301F-11D3-BF4B-00C04F79EFBC}") = "Tyuiu.BratsunDA.Sprint3.Task4.V28.Test", "Tyuiu.BratsunDA.Sprint3.Task4.V28.Test\Tyuiu.BratsunDA.Sprint3.Task4.V28.Test.csproj", "{6DCCA2F7-B7F4-4D6A-82F6-B3E552D468D9}"
EndProject
Project("{FAE04EC0-301F-11D3-BF4B-00C04F79EFBC}") = "Tyuiu.BratsunDA.Sprint3.Task4.V28.Lib", "Tyuiu.BratsunDA.Sprint3.Task4.V28.Lib\Tyuiu.BratsunDA.Sprint3.Task4.V28.Lib.csproj", "{B525C850-0EEF-4437-B0E4-C30B01C91B3D}"
EndProject
Project("{2150E333-8FDC-42A3-9474-1A3956D46DE8}") = "Task5", "Task5", "{ED07A5E0-D698-4487-A28F-A69BD1339BEC}"
EndProject
Project("{FAE04EC0-301F-11D3-BF4B-00C04F79EFBC}") = "Tyuiu.BratsunDA.Sprint3.Task5.V13", "Tyuiu.BratsunDA.Sprint3.Task5.V13\Tyuiu.BratsunDA.Sprint3.Task5.V13.csproj", "{C2D921DF-D1D3-4865-913E-F48D1DAAC9C6}"
EndProject
Project("{FAE04EC0-301F-11D3-BF4B-00C04F79EFBC}") = "Tyuiu.BratsunDA.Sprint3.Task5.V13.Lib", "Tyuiu.BratsunDA.Sprint3.Task5.V13.Lib\Tyuiu.BratsunDA.Sprint3.Task5.V13.Lib.csproj", "{4D38C657-F37A-4E79-A68D-C343A8625577}"
EndProject
Project("{FAE04EC0-301F-11D3-BF4B-00C04F79EFBC}") = "Tyuiu.BratsunDA.Sprint3.Task5.V13.Test", "Tyuiu.BratsunDA.Sprint3.Task5.V13.Test\Tyuiu.BratsunDA.Sprint3.Task5.V13.Test.csproj", "{7D1A0011-D3C3-4687-A7BC-A1890982D98A}"
EndProject
Project("{2150E333-8FDC-42A3-9474-1A3956D46DE8}") = "Task6", "Task6", "{00E03B57-9299-47DF-AFEC-BB4CC6A10387}"
EndProject
Project("{FAE04EC0-301F-11D3-BF4B-00C04F79EFBC}") = "Tyuiu.BratsunDA.Sprint3.Task6.V9", "Tyuiu.BratsunDA.Sprint3.Task6.V9\Tyuiu.BratsunDA.Sprint3.Task6.V9.csproj", "{C0C15CC3-1315-45C7-8C84-74E00271CEA3}"
EndProject
Project("{FAE04EC0-301F-11D3-BF4B-00C04F79EFBC}") = "Tyuiu.BratsunDA.Sprint3.Task6.V9.Lib", "Tyuiu.BratsunDA.Sprint3.Task6.V9.Lib\Tyuiu.BratsunDA.Sprint3.Task6.V9.Lib.csproj", "{6EA45083-BD12-4512-B3A8-B47B3995683B}"
EndProject
Project("{FAE04EC0-301F-11D3-BF4B-00C04F79EFBC}") = "Tyuiu.BratsunDA.Sprint3.Task6.V9.Test", "Tyuiu.BratsunDA.Sprint3.Task6.V9.Test\Tyuiu.BratsunDA.Sprint3.Task6.V9.Test.csproj", "{E0C44E49-B431-4D51-B272-636616C0B0EA}"
EndProject
Project("{2150E333-8FDC-42A3-9474-1A3956D46DE8}") = "Task7", "Task7", "{287C4368-38E9-44C0-A91B-8E73598E4C71}"
EndProject
Project("{FAE04EC0-301F-11D3-BF4B-00C04F79EFBC}") = "Tyuiu.BratsunDA.Sprint3.Task7.V15", "Tyuiu.BratsunDA.Sprint3.Task7.V15\Tyuiu.BratsunDA.Sprint3.Task7.V15.csproj", "{63574611-7A4E-4566-B2FD-257CB58187BC}"
EndProject
Project("{FAE04EC0-301F-11D3-BF4B-00C04F79EFBC}") = "Tyuiu.BratsunDA.Sprint3.Task7.V15.Test", "Tyuiu.BratsunDA.Sprint3.Task7.V15.Test\Tyuiu.BratsunDA.Sprint3.Task7.V15.Test.csproj", "{CCAF5D23-C8AD-4888-9252-2C0C3FE8AAA6}"
EndProject
Project("{FAE04EC0-301F-11D3-BF4B-00C04F79EFBC}") = "Tyuiu.BratsunDA.Sprint3.Task7.V15.Lib", "Tyuiu.BratsunDA.Sprint3.Task7.V15.Lib\Tyuiu.BratsunDA.Sprint3.Task7.V15.Lib.csproj", "{79C9408E-3C18-497F-8F95-5CB14F75423E}"
EndProject
Global
	GlobalSection(SolutionConfigurationPlatforms) = preSolution
		Debug|Any CPU = Debug|Any CPU
		Release|Any CPU = Release|Any CPU
	EndGlobalSection
	GlobalSection(ProjectConfigurationPlatforms) = postSolution
		{91B7ABC6-5A2E-4759-A6F2-2BB95AF2A037}.Debug|Any CPU.ActiveCfg = Debug|Any CPU
		{91B7ABC6-5A2E-4759-A6F2-2BB95AF2A037}.Debug|Any CPU.Build.0 = Debug|Any CPU
		{91B7ABC6-5A2E-4759-A6F2-2BB95AF2A037}.Release|Any CPU.ActiveCfg = Release|Any CPU
		{91B7ABC6-5A2E-4759-A6F2-2BB95AF2A037}.Release|Any CPU.Build.0 = Release|Any CPU
		{53AF26A7-4135-445F-8F6D-249138DD1AA9}.Debug|Any CPU.ActiveCfg = Debug|Any CPU
		{53AF26A7-4135-445F-8F6D-249138DD1AA9}.Debug|Any CPU.Build.0 = Debug|Any CPU
		{53AF26A7-4135-445F-8F6D-249138DD1AA9}.Release|Any CPU.ActiveCfg = Release|Any CPU
		{53AF26A7-4135-445F-8F6D-249138DD1AA9}.Release|Any CPU.Build.0 = Release|Any CPU
		{E1C6CFF0-505C-446E-8119-0CACCE64FAED}.Debug|Any CPU.ActiveCfg = Debug|Any CPU
		{E1C6CFF0-505C-446E-8119-0CACCE64FAED}.Debug|Any CPU.Build.0 = Debug|Any CPU
		{E1C6CFF0-505C-446E-8119-0CACCE64FAED}.Release|Any CPU.ActiveCfg = Release|Any CPU
		{E1C6CFF0-505C-446E-8119-0CACCE64FAED}.Release|Any CPU.Build.0 = Release|Any CPU
		{41A6B88D-A0D4-4E5E-8957-B46FF4A05299}.Debug|Any CPU.ActiveCfg = Debug|Any CPU
		{41A6B88D-A0D4-4E5E-8957-B46FF4A05299}.Debug|Any CPU.Build.0 = Debug|Any CPU
		{41A6B88D-A0D4-4E5E-8957-B46FF4A05299}.Release|Any CPU.ActiveCfg = Release|Any CPU
		{41A6B88D-A0D4-4E5E-8957-B46FF4A05299}.Release|Any CPU.Build.0 = Release|Any CPU
		{A3BC37A9-A004-47A7-A444-53B92A88889F}.Debug|Any CPU.ActiveCfg = Debug|Any CPU
		{A3BC37A9-A004-47A7-A444-53B92A88889F}.Debug|Any CPU.Build.0 = Debug|Any CPU
		{A3BC37A9-A004-47A7-A444-53B92A88889F}.Release|Any CPU.ActiveCfg = Release|Any CPU
		{A3BC37A9-A004-47A7-A444-53B92A88889F}.Release|Any CPU.Build.0 = Release|Any CPU
		{AFBB77EE-9881-41A7-86D2-FCFBAA411D6E}.Debug|Any CPU.ActiveCfg = Debug|Any CPU
		{AFBB77EE-9881-41A7-86D2-FCFBAA411D6E}.Debug|Any CPU.Build.0 = Debug|Any CPU
		{AFBB77EE-9881-41A7-86D2-FCFBAA411D6E}.Release|Any CPU.ActiveCfg = Release|Any CPU
		{AFBB77EE-9881-41A7-86D2-FCFBAA411D6E}.Release|Any CPU.Build.0 = Release|Any CPU
		{442042F3-635F-4393-87EE-9CCBCC75B208}.Debug|Any CPU.ActiveCfg = Debug|Any CPU
		{442042F3-635F-4393-87EE-9CCBCC75B208}.Debug|Any CPU.Build.0 = Debug|Any CPU
		{442042F3-635F-4393-87EE-9CCBCC75B208}.Release|Any CPU.ActiveCfg = Release|Any CPU
		{442042F3-635F-4393-87EE-9CCBCC75B208}.Release|Any CPU.Build.0 = Release|Any CPU
		{396B1218-3349-4FDF-87D0-52931A94E47C}.Debug|Any CPU.ActiveCfg = Debug|Any CPU
		{396B1218-3349-4FDF-87D0-52931A94E47C}.Debug|Any CPU.Build.0 = Debug|Any CPU
		{396B1218-3349-4FDF-87D0-52931A94E47C}.Release|Any CPU.ActiveCfg = Release|Any CPU
		{396B1218-3349-4FDF-87D0-52931A94E47C}.Release|Any CPU.Build.0 = Release|Any CPU
		{95A4E56B-3D16-4BF7-A3C8-6729128C1858}.Debug|Any CPU.ActiveCfg = Debug|Any CPU
		{95A4E56B-3D16-4BF7-A3C8-6729128C1858}.Debug|Any CPU.Build.0 = Debug|Any CPU
		{95A4E56B-3D16-4BF7-A3C8-6729128C1858}.Release|Any CPU.ActiveCfg = Release|Any CPU
		{95A4E56B-3D16-4BF7-A3C8-6729128C1858}.Release|Any CPU.Build.0 = Release|Any CPU
		{02F2C150-BAE5-4F1E-A91E-A79AD2AA0638}.Debug|Any CPU.ActiveCfg = Debug|Any CPU
		{02F2C150-BAE5-4F1E-A91E-A79AD2AA0638}.Debug|Any CPU.Build.0 = Debug|Any CPU
		{02F2C150-BAE5-4F1E-A91E-A79AD2AA0638}.Release|Any CPU.ActiveCfg = Release|Any CPU
		{02F2C150-BAE5-4F1E-A91E-A79AD2AA0638}.Release|Any CPU.Build.0 = Release|Any CPU
		{27DB8790-6745-46BD-BD83-0F6FB0EBDC54}.Debug|Any CPU.ActiveCfg = Debug|Any CPU
		{27DB8790-6745-46BD-BD83-0F6FB0EBDC54}.Debug|Any CPU.Build.0 = Debug|Any CPU
		{27DB8790-6745-46BD-BD83-0F6FB0EBDC54}.Release|Any CPU.ActiveCfg = Release|Any CPU
		{27DB8790-6745-46BD-BD83-0F6FB0EBDC54}.Release|Any CPU.Build.0 = Release|Any CPU
		{BB85B1BB-53DF-423E-9BB7-6B14BFA0974B}.Debug|Any CPU.ActiveCfg = Debug|Any CPU
		{BB85B1BB-53DF-423E-9BB7-6B14BFA0974B}.Debug|Any CPU.Build.0 = Debug|Any CPU
		{BB85B1BB-53DF-423E-9BB7-6B14BFA0974B}.Release|Any CPU.ActiveCfg = Release|Any CPU
		{BB85B1BB-53DF-423E-9BB7-6B14BFA0974B}.Release|Any CPU.Build.0 = Release|Any CPU
		{DDBFF705-7A67-4A1C-88C2-37EA22334ADB}.Debug|Any CPU.ActiveCfg = Debug|Any CPU
		{DDBFF705-7A67-4A1C-88C2-37EA22334ADB}.Debug|Any CPU.Build.0 = Debug|Any CPU
		{DDBFF705-7A67-4A1C-88C2-37EA22334ADB}.Release|Any CPU.ActiveCfg = Release|Any CPU
		{DDBFF705-7A67-4A1C-88C2-37EA22334ADB}.Release|Any CPU.Build.0 = Release|Any CPU
		{6DCCA2F7-B7F4-4D6A-82F6-B3E552D468D9}.Debug|Any CPU.ActiveCfg = Debug|Any CPU
		{6DCCA2F7-B7F4-4D6A-82F6-B3E552D468D9}.Debug|Any CPU.Build.0 = Debug|Any CPU
		{6DCCA2F7-B7F4-4D6A-82F6-B3E552D468D9}.Release|Any CPU.ActiveCfg = Release|Any CPU
		{6DCCA2F7-B7F4-4D6A-82F6-B3E552D468D9}.Release|Any CPU.Build.0 = Release|Any CPU
		{B525C850-0EEF-4437-B0E4-C30B01C91B3D}.Debug|Any CPU.ActiveCfg = Debug|Any CPU
		{B525C850-0EEF-4437-B0E4-C30B01C91B3D}.Debug|Any CPU.Build.0 = Debug|Any CPU
		{B525C850-0EEF-4437-B0E4-C30B01C91B3D}.Release|Any CPU.ActiveCfg = Release|Any CPU
		{B525C850-0EEF-4437-B0E4-C30B01C91B3D}.Release|Any CPU.Build.0 = Release|Any CPU
		{C2D921DF-D1D3-4865-913E-F48D1DAAC9C6}.Debug|Any CPU.ActiveCfg = Debug|Any CPU
		{C2D921DF-D1D3-4865-913E-F48D1DAAC9C6}.Debug|Any CPU.Build.0 = Debug|Any CPU
		{C2D921DF-D1D3-4865-913E-F48D1DAAC9C6}.Release|Any CPU.ActiveCfg = Release|Any CPU
		{C2D921DF-D1D3-4865-913E-F48D1DAAC9C6}.Release|Any CPU.Build.0 = Release|Any CPU
		{4D38C657-F37A-4E79-A68D-C343A8625577}.Debug|Any CPU.ActiveCfg = Debug|Any CPU
		{4D38C657-F37A-4E79-A68D-C343A8625577}.Debug|Any CPU.Build.0 = Debug|Any CPU
		{4D38C657-F37A-4E79-A68D-C343A8625577}.Release|Any CPU.ActiveCfg = Release|Any CPU
		{4D38C657-F37A-4E79-A68D-C343A8625577}.Release|Any CPU.Build.0 = Release|Any CPU
		{7D1A0011-D3C3-4687-A7BC-A1890982D98A}.Debug|Any CPU.ActiveCfg = Debug|Any CPU
		{7D1A0011-D3C3-4687-A7BC-A1890982D98A}.Debug|Any CPU.Build.0 = Debug|Any CPU
		{7D1A0011-D3C3-4687-A7BC-A1890982D98A}.Release|Any CPU.ActiveCfg = Release|Any CPU
		{7D1A0011-D3C3-4687-A7BC-A1890982D98A}.Release|Any CPU.Build.0 = Release|Any CPU
		{C0C15CC3-1315-45C7-8C84-74E00271CEA3}.Debug|Any CPU.ActiveCfg = Debug|Any CPU
		{C0C15CC3-1315-45C7-8C84-74E00271CEA3}.Debug|Any CPU.Build.0 = Debug|Any CPU
		{C0C15CC3-1315-45C7-8C84-74E00271CEA3}.Release|Any CPU.ActiveCfg = Release|Any CPU
		{C0C15CC3-1315-45C7-8C84-74E00271CEA3}.Release|Any CPU.Build.0 = Release|Any CPU
		{6EA45083-BD12-4512-B3A8-B47B3995683B}.Debug|Any CPU.ActiveCfg = Debug|Any CPU
		{6EA45083-BD12-4512-B3A8-B47B3995683B}.Debug|Any CPU.Build.0 = Debug|Any CPU
		{6EA45083-BD12-4512-B3A8-B47B3995683B}.Release|Any CPU.ActiveCfg = Release|Any CPU
		{6EA45083-BD12-4512-B3A8-B47B3995683B}.Release|Any CPU.Build.0 = Release|Any CPU
		{E0C44E49-B431-4D51-B272-636616C0B0EA}.Debug|Any CPU.ActiveCfg = Debug|Any CPU
		{E0C44E49-B431-4D51-B272-636616C0B0EA}.Debug|Any CPU.Build.0 = Debug|Any CPU
		{E0C44E49-B431-4D51-B272-636616C0B0EA}.Release|Any CPU.ActiveCfg = Release|Any CPU
		{E0C44E49-B431-4D51-B272-636616C0B0EA}.Release|Any CPU.Build.0 = Release|Any CPU
		{63574611-7A4E-4566-B2FD-257CB58187BC}.Debug|Any CPU.ActiveCfg = Debug|Any CPU
		{63574611-7A4E-4566-B2FD-257CB58187BC}.Debug|Any CPU.Build.0 = Debug|Any CPU
		{63574611-7A4E-4566-B2FD-257CB58187BC}.Release|Any CPU.ActiveCfg = Release|Any CPU
		{63574611-7A4E-4566-B2FD-257CB58187BC}.Release|Any CPU.Build.0 = Release|Any CPU
		{CCAF5D23-C8AD-4888-9252-2C0C3FE8AAA6}.Debug|Any CPU.ActiveCfg = Debug|Any CPU
		{CCAF5D23-C8AD-4888-9252-2C0C3FE8AAA6}.Debug|Any CPU.Build.0 = Debug|Any CPU
		{CCAF5D23-C8AD-4888-9252-2C0C3FE8AAA6}.Release|Any CPU.ActiveCfg = Release|Any CPU
		{CCAF5D23-C8AD-4888-9252-2C0C3FE8AAA6}.Release|Any CPU.Build.0 = Release|Any CPU
		{79C9408E-3C18-497F-8F95-5CB14F75423E}.Debug|Any CPU.ActiveCfg = Debug|Any CPU
		{79C9408E-3C18-497F-8F95-5CB14F75423E}.Debug|Any CPU.Build.0 = Debug|Any CPU
		{79C9408E-3C18-497F-8F95-5CB14F75423E}.Release|Any CPU.ActiveCfg = Release|Any CPU
		{79C9408E-3C18-497F-8F95-5CB14F75423E}.Release|Any CPU.Build.0 = Release|Any CPU
	EndGlobalSection
	GlobalSection(SolutionProperties) = preSolution
		HideSolutionNode = FALSE
	EndGlobalSection
	GlobalSection(NestedProjects) = preSolution
		{91B7ABC6-5A2E-4759-A6F2-2BB95AF2A037} = {3F724584-35A9-48B6-A919-FDDF9C548BCF}
		{53AF26A7-4135-445F-8F6D-249138DD1AA9} = {3F724584-35A9-48B6-A919-FDDF9C548BCF}
		{E1C6CFF0-505C-446E-8119-0CACCE64FAED} = {3F724584-35A9-48B6-A919-FDDF9C548BCF}
		{41A6B88D-A0D4-4E5E-8957-B46FF4A05299} = {3EAEC120-3719-43E5-9C89-FF9999A9643B}
		{A3BC37A9-A004-47A7-A444-53B92A88889F} = {3EAEC120-3719-43E5-9C89-FF9999A9643B}
		{AFBB77EE-9881-41A7-86D2-FCFBAA411D6E} = {3EAEC120-3719-43E5-9C89-FF9999A9643B}
		{442042F3-635F-4393-87EE-9CCBCC75B208} = {6A95020A-7ACE-473C-949D-D4977E9473C9}
		{396B1218-3349-4FDF-87D0-52931A94E47C} = {6A95020A-7ACE-473C-949D-D4977E9473C9}
		{95A4E56B-3D16-4BF7-A3C8-6729128C1858} = {6A95020A-7ACE-473C-949D-D4977E9473C9}
		{02F2C150-BAE5-4F1E-A91E-A79AD2AA0638} = {F9E3C922-ABE4-4B3D-B2C8-41E0DA0E08F5}
		{27DB8790-6745-46BD-BD83-0F6FB0EBDC54} = {F9E3C922-ABE4-4B3D-B2C8-41E0DA0E08F5}
		{BB85B1BB-53DF-423E-9BB7-6B14BFA0974B} = {F9E3C922-ABE4-4B3D-B2C8-41E0DA0E08F5}
		{DDBFF705-7A67-4A1C-88C2-37EA22334ADB} = {BACA5F83-D8BA-435E-A03E-84F9BA40AB39}
		{6DCCA2F7-B7F4-4D6A-82F6-B3E552D468D9} = {BACA5F83-D8BA-435E-A03E-84F9BA40AB39}
		{B525C850-0EEF-4437-B0E4-C30B01C91B3D} = {BACA5F83-D8BA-435E-A03E-84F9BA40AB39}
		{C2D921DF-D1D3-4865-913E-F48D1DAAC9C6} = {ED07A5E0-D698-4487-A28F-A69BD1339BEC}
		{4D38C657-F37A-4E79-A68D-C343A8625577} = {ED07A5E0-D698-4487-A28F-A69BD1339BEC}
		{7D1A0011-D3C3-4687-A7BC-A1890982D98A} = {ED07A5E0-D698-4487-A28F-A69BD1339BEC}
		{C0C15CC3-1315-45C7-8C84-74E00271CEA3} = {00E03B57-9299-47DF-AFEC-BB4CC6A10387}
		{6EA45083-BD12-4512-B3A8-B47B3995683B} = {00E03B57-9299-47DF-AFEC-BB4CC6A10387}
		{E0C44E49-B431-4D51-B272-636616C0B0EA} = {00E03B57-9299-47DF-AFEC-BB4CC6A10387}
		{63574611-7A4E-4566-B2FD-257CB58187BC} = {287C4368-38E9-44C0-A91B-8E73598E4C71}
		{CCAF5D23-C8AD-4888-9252-2C0C3FE8AAA6} = {287C4368-38E9-44C0-A91B-8E73598E4C71}
		{79C9408E-3C18-497F-8F95-5CB14F75423E} = {287C4368-38E9-44C0-A91B-8E73598E4C71}
	EndGlobalSection
	GlobalSection(ExtensibilityGlobals) = postSolution
		SolutionGuid = {D055DAF4-6F61-4F89-84AE-4BBF37D1E754}
	EndGlobalSection
EndGlobal
